
Microsoft Visual Studio Solution File, Format Version 12.00
# Visual Studio Version 16
VisualStudioVersion = 16.0.30114.105
MinimumVisualStudioVersion = 10.0.40219.1
Project("{FAE04EC0-301F-11D3-BF4B-00C04F79EFBC}") = "LoginUsingJwtV2", "LoginUsingJwtV2.csproj", "{8295F569-C9AE-408D-96F9-FC9557F6CE4C}"
EndProject
Global
	GlobalSection(SolutionConfigurationPlatforms) = preSolution
		Debug|Any CPU = Debug|Any CPU
		Release|Any CPU = Release|Any CPU
	EndGlobalSection
	GlobalSection(ProjectConfigurationPlatforms) = postSolution
		{8295F569-C9AE-408D-96F9-FC9557F6CE4C}.Debug|Any CPU.ActiveCfg = Debug|Any CPU
		{8295F569-C9AE-408D-96F9-FC9557F6CE4C}.Debug|Any CPU.Build.0 = Debug|Any CPU
		{8295F569-C9AE-408D-96F9-FC9557F6CE4C}.Release|Any CPU.ActiveCfg = Release|Any CPU
		{8295F569-C9AE-408D-96F9-FC9557F6CE4C}.Release|Any CPU.Build.0 = Release|Any CPU
	EndGlobalSection
	GlobalSection(SolutionProperties) = preSolution
		HideSolutionNode = FALSE
	EndGlobalSection
	GlobalSection(ExtensibilityGlobals) = postSolution
		SolutionGuid = {7DB3B9F8-3225-4DE7-AE07-9D4681E73718}
	EndGlobalSection
EndGlobal
